
Microsoft Visual Studio Solution File, Format Version 12.00
# Visual Studio Version 17
VisualStudioVersion = 17.0.31912.275
MinimumVisualStudioVersion = 10.0.40219.1
Project("{FAE04EC0-301F-11D3-BF4B-00C04F79EFBC}") = "DojoService", "DojoService\DojoService.csproj", "{D3D75143-788C-4492-9FE9-60E0864B1C6B}"
EndProject
Global
	GlobalSection(SolutionConfigurationPlatforms) = preSolution
		Debug|Any CPU = Debug|Any CPU
		Release|Any CPU = Release|Any CPU
	EndGlobalSection
	GlobalSection(ProjectConfigurationPlatforms) = postSolution
		{D3D75143-788C-4492-9FE9-60E0864B1C6B}.Debug|Any CPU.ActiveCfg = Debug|Any CPU
		{D3D75143-788C-4492-9FE9-60E0864B1C6B}.Debug|Any CPU.Build.0 = Debug|Any CPU
		{D3D75143-788C-4492-9FE9-60E0864B1C6B}.Release|Any CPU.ActiveCfg = Release|Any CPU
		{D3D75143-788C-4492-9FE9-60E0864B1C6B}.Release|Any CPU.Build.0 = Release|Any CPU
	EndGlobalSection
	GlobalSection(SolutionProperties) = preSolution
		HideSolutionNode = FALSE
	EndGlobalSection
	GlobalSection(ExtensibilityGlobals) = postSolution
		SolutionGuid = {A971D53B-EC2A-4D4D-8AB9-E00B458158D6}
	EndGlobalSection
EndGlobal
